
Microsoft Visual Studio Solution File, Format Version 12.00
# Visual Studio 14
VisualStudioVersion = 14.0.23107.0
MinimumVisualStudioVersion = 10.0.40219.1
Project("{FAE04EC0-301F-11D3-BF4B-00C04F79EFBC}") = "TaskControl", "TaskControl\TaskControl.csproj", "{8AA7E674-4E64-441C-8365-F16A4ACCF318}"
EndProject
Project("{FAE04EC0-301F-11D3-BF4B-00C04F79EFBC}") = "TaskControlOperator", "TaskControlOperator\TaskControlOperator.csproj", "{B0CCA2A1-21B4-4EA3-85CB-9DEBA5A41C32}"
EndProject
Project("{FAE04EC0-301F-11D3-BF4B-00C04F79EFBC}") = "CoreL", "CoreL\CoreL.csproj", "{E97CF3CD-82F4-4E6A-9642-05D07C1E0158}"
EndProject
Project("{FAE04EC0-301F-11D3-BF4B-00C04F79EFBC}") = "ClientUpdate", "ClientUpdate\ClientUpdate.csproj", "{220F1B5D-3B91-47D1-8018-9BFA8BB8F5D6}"
EndProject
Project("{FAE04EC0-301F-11D3-BF4B-00C04F79EFBC}") = "UpdateUploader", "UpdateUploader\UpdateUploader.csproj", "{62AA0F41-F08A-4BD2-B9B3-D2C4F05FBA93}"
EndProject
Project("{FAE04EC0-301F-11D3-BF4B-00C04F79EFBC}") = "OperatorUpdate", "OperatorUpdate\OperatorUpdate.csproj", "{9A7B3FEB-127D-45BC-8608-794DBBAE5C59}"
EndProject
Global
	GlobalSection(SolutionConfigurationPlatforms) = preSolution
		Debug|Any CPU = Debug|Any CPU
		Release|Any CPU = Release|Any CPU
	EndGlobalSection
	GlobalSection(ProjectConfigurationPlatforms) = postSolution
		{8AA7E674-4E64-441C-8365-F16A4ACCF318}.Debug|Any CPU.ActiveCfg = Debug|Any CPU
		{8AA7E674-4E64-441C-8365-F16A4ACCF318}.Debug|Any CPU.Build.0 = Debug|Any CPU
		{8AA7E674-4E64-441C-8365-F16A4ACCF318}.Release|Any CPU.ActiveCfg = Release|Any CPU
		{8AA7E674-4E64-441C-8365-F16A4ACCF318}.Release|Any CPU.Build.0 = Release|Any CPU
		{B0CCA2A1-21B4-4EA3-85CB-9DEBA5A41C32}.Debug|Any CPU.ActiveCfg = Debug|Any CPU
		{B0CCA2A1-21B4-4EA3-85CB-9DEBA5A41C32}.Debug|Any CPU.Build.0 = Debug|Any CPU
		{B0CCA2A1-21B4-4EA3-85CB-9DEBA5A41C32}.Release|Any CPU.ActiveCfg = Release|Any CPU
		{B0CCA2A1-21B4-4EA3-85CB-9DEBA5A41C32}.Release|Any CPU.Build.0 = Release|Any CPU
		{E97CF3CD-82F4-4E6A-9642-05D07C1E0158}.Debug|Any CPU.ActiveCfg = Debug|Any CPU
		{E97CF3CD-82F4-4E6A-9642-05D07C1E0158}.Debug|Any CPU.Build.0 = Debug|Any CPU
		{E97CF3CD-82F4-4E6A-9642-05D07C1E0158}.Release|Any CPU.ActiveCfg = Release|Any CPU
		{E97CF3CD-82F4-4E6A-9642-05D07C1E0158}.Release|Any CPU.Build.0 = Release|Any CPU
		{220F1B5D-3B91-47D1-8018-9BFA8BB8F5D6}.Debug|Any CPU.ActiveCfg = Debug|Any CPU
		{220F1B5D-3B91-47D1-8018-9BFA8BB8F5D6}.Debug|Any CPU.Build.0 = Debug|Any CPU
		{220F1B5D-3B91-47D1-8018-9BFA8BB8F5D6}.Release|Any CPU.ActiveCfg = Release|Any CPU
		{220F1B5D-3B91-47D1-8018-9BFA8BB8F5D6}.Release|Any CPU.Build.0 = Release|Any CPU
		{62AA0F41-F08A-4BD2-B9B3-D2C4F05FBA93}.Debug|Any CPU.ActiveCfg = Debug|Any CPU
		{62AA0F41-F08A-4BD2-B9B3-D2C4F05FBA93}.Debug|Any CPU.Build.0 = Debug|Any CPU
		{62AA0F41-F08A-4BD2-B9B3-D2C4F05FBA93}.Release|Any CPU.ActiveCfg = Release|Any CPU
		{62AA0F41-F08A-4BD2-B9B3-D2C4F05FBA93}.Release|Any CPU.Build.0 = Release|Any CPU
		{9A7B3FEB-127D-45BC-8608-794DBBAE5C59}.Debug|Any CPU.ActiveCfg = Debug|Any CPU
		{9A7B3FEB-127D-45BC-8608-794DBBAE5C59}.Debug|Any CPU.Build.0 = Debug|Any CPU
		{9A7B3FEB-127D-45BC-8608-794DBBAE5C59}.Release|Any CPU.ActiveCfg = Release|Any CPU
		{9A7B3FEB-127D-45BC-8608-794DBBAE5C59}.Release|Any CPU.Build.0 = Release|Any CPU
	EndGlobalSection
	GlobalSection(SolutionProperties) = preSolution
		HideSolutionNode = FALSE
	EndGlobalSection
EndGlobal
